<Solution>
  <Folder Name="/src/">
    <Project Path="src/FlashOffer.API.Application/FlashOffer.API.Application.csproj" />
    <Project Path="src/FlashOffer.API.Domain/FlashOffer.API.Domain.csproj" />
    <Project Path="src/FlashOffer.API.Infrastructure/FlashOffer.API.Infrastructure.csproj" />
    <Project Path="src/FlashOffer.API.Shared/FlashOffer.API.Shared.csproj" />
    <Project Path="src/FlashOffer.API.WebApi/FlashOffer.API.WebApi.csproj" />
    <Project Path="docs/FlashOffer.API.Documentation/FlashOffer.API.Documentation.csproj"/>
  </Folder>
  <Folder Name="/tests/">
    <Project Path="tests/FlashOffer.API.IntegrationTests/FlashOffer.API.IntegrationTests.csproj" />
    <Project Path="tests/FlashOffer.API.UnitTests/FlashOffer.API.UnitTests.csproj" />
  </Folder>
</Solution>
